Microsoft Visual Studio Solution File, Format Version 12.00
# Visual Studio Version 17
VisualStudioVersion = 17.5.2.0
MinimumVisualStudioVersion = 10.0.40219.1
Project("{FAE04EC0-301F-11D3-BF4B-00C04F79EFBC}") = "FoxholeSupplyCalculator", "FoxholeSupplyCalculator.csproj", "{0648F14C-9F40-1276-D5A5-4A0AFFF29B65}"
EndProject
Global
	GlobalSection(SolutionConfigurationPlatforms) = preSolution
		Debug|Any CPU = Debug|Any CPU
		Release|Any CPU = Release|Any CPU
	EndGlobalSection
	GlobalSection(ProjectConfigurationPlatforms) = postSolution
		{0648F14C-9F40-1276-D5A5-4A0AFFF29B65}.Debug|Any CPU.ActiveCfg = Debug|Any CPU
		{0648F14C-9F40-1276-D5A5-4A0AFFF29B65}.Debug|Any CPU.Build.0 = Debug|Any CPU
		{0648F14C-9F40-1276-D5A5-4A0AFFF29B65}.Release|Any CPU.ActiveCfg = Release|Any CPU
		{0648F14C-9F40-1276-D5A5-4A0AFFF29B65}.Release|Any CPU.Build.0 = Release|Any CPU
	EndGlobalSection
	GlobalSection(SolutionProperties) = preSolution
		HideSolutionNode = FALSE
	EndGlobalSection
	GlobalSection(ExtensibilityGlobals) = postSolution
		SolutionGuid = {D74A07F7-7CE1-4992-AB40-CD1CFAD2510F}
	EndGlobalSection
EndGlobal
